
Microsoft Visual Studio Solution File, Format Version 12.00
# Visual Studio Version 17
VisualStudioVersion = 17.5.33424.131
MinimumVisualStudioVersion = 10.0.40219.1
Project("{FAE04EC0-301F-11D3-BF4B-00C04F79EFBC}") = "Webhooks", "Webhooks.csproj", "{EAA6DE64-1BA3-4952-B969-65F1DDA8D621}"
EndProject
Global
	GlobalSection(SolutionConfigurationPlatforms) = preSolution
		Debug|Any CPU = Debug|Any CPU
		Release|Any CPU = Release|Any CPU
	EndGlobalSection
	GlobalSection(ProjectConfigurationPlatforms) = postSolution
		{EAA6DE64-1BA3-4952-B969-65F1DDA8D621}.Debug|Any CPU.ActiveCfg = Debug|Any CPU
		{EAA6DE64-1BA3-4952-B969-65F1DDA8D621}.Debug|Any CPU.Build.0 = Debug|Any CPU
		{EAA6DE64-1BA3-4952-B969-65F1DDA8D621}.Release|Any CPU.ActiveCfg = Release|Any CPU
		{EAA6DE64-1BA3-4952-B969-65F1DDA8D621}.Release|Any CPU.Build.0 = Release|Any CPU
	EndGlobalSection
	GlobalSection(SolutionProperties) = preSolution
		HideSolutionNode = FALSE
	EndGlobalSection
	GlobalSection(ExtensibilityGlobals) = postSolution
		SolutionGuid = {CADBF750-5F9B-4B9D-9A86-9ABA7D9B045B}
	EndGlobalSection
EndGlobal
